
Microsoft Visual Studio Solution File, Format Version 12.00
# Visual Studio Version 16
VisualStudioVersion = 16.0.30011.22
MinimumVisualStudioVersion = 10.0.40219.1
Project("{9A19103F-16F7-4668-BE54-9A1E7A4F7556}") = "gtirbsharp", "gtirbsharp\gtirbsharp.csproj", "{FBBED1B2-4CB0-402A-A630-DCA45AEDCB6D}"
EndProject
Project("{FAE04EC0-301F-11D3-BF4B-00C04F79EFBC}") = "gitrbsharp.tests", "gitrbsharp.tests\gitrbsharp.tests.csproj", "{B7049578-2954-4CAD-9F1C-087F6ECB5118}"
EndProject
Global
	GlobalSection(SolutionConfigurationPlatforms) = preSolution
		Debug|Any CPU = Debug|Any CPU
		Release|Any CPU = Release|Any CPU
	EndGlobalSection
	GlobalSection(ProjectConfigurationPlatforms) = postSolution
		{FBBED1B2-4CB0-402A-A630-DCA45AEDCB6D}.Debug|Any CPU.ActiveCfg = Debug|Any CPU
		{FBBED1B2-4CB0-402A-A630-DCA45AEDCB6D}.Debug|Any CPU.Build.0 = Debug|Any CPU
		{FBBED1B2-4CB0-402A-A630-DCA45AEDCB6D}.Release|Any CPU.ActiveCfg = Release|Any CPU
		{FBBED1B2-4CB0-402A-A630-DCA45AEDCB6D}.Release|Any CPU.Build.0 = Release|Any CPU
		{B7049578-2954-4CAD-9F1C-087F6ECB5118}.Debug|Any CPU.ActiveCfg = Debug|Any CPU
		{B7049578-2954-4CAD-9F1C-087F6ECB5118}.Debug|Any CPU.Build.0 = Debug|Any CPU
		{B7049578-2954-4CAD-9F1C-087F6ECB5118}.Release|Any CPU.ActiveCfg = Release|Any CPU
		{B7049578-2954-4CAD-9F1C-087F6ECB5118}.Release|Any CPU.Build.0 = Release|Any CPU
	EndGlobalSection
	GlobalSection(SolutionProperties) = preSolution
		HideSolutionNode = FALSE
	EndGlobalSection
	GlobalSection(ExtensibilityGlobals) = postSolution
		SolutionGuid = {AC27FBFA-1A63-41DB-A831-61F5F169CDFA}
	EndGlobalSection
EndGlobal
